{
  "name": "starter-vc-project",
  "version": "0.1.0",
  "lockfileVersion": 3,
  "requires": true,
  "packages": {
    "": {
      "name": "starter-vc-project",
      "version": "0.1.0",
      "devDependencies": {
        "@vcts/toolchain": "file:/Users/dartyukhov/Desktop/Projects/vcts"
      }
    },
    "../..": {
      "name": "@vcts/toolchain",
      "version": "1.0.0",
      "dev": true,
      "dependencies": {
        "@typescript-to-lua/language-extensions": "1.19.0",
        "source-map": "0.7.6",
        "typescript": "6.0.2",
        "typescript-to-lua": "1.37.1"
      },
      "bin": {
        "vcts": "tools/vcts.cjs"
      }
    },
    "node_modules/@vcts/toolchain": {
      "resolved": "../..",
      "link": true
    }
  }
}
